
Microsoft Visual Studio Solution File, Format Version 12.00
# Visual Studio Version 17
VisualStudioVersion = 17.0.31919.166
MinimumVisualStudioVersion = 10.0.40219.1
Project("{FAE04EC0-301F-11D3-BF4B-00C04F79EFBC}") = "sweetandsalty.Web", "sweetandsalty.Web\sweetandsalty.Web.csproj", "{6953520A-4545-4E1C-ADA4-491847E77843}"
EndProject
Global
	GlobalSection(SolutionConfigurationPlatforms) = preSolution
		Debug|Any CPU = Debug|Any CPU
		Release|Any CPU = Release|Any CPU
	EndGlobalSection
	GlobalSection(ProjectConfigurationPlatforms) = postSolution
		{6953520A-4545-4E1C-ADA4-491847E77843}.Debug|Any CPU.ActiveCfg = Debug|Any CPU
		{6953520A-4545-4E1C-ADA4-491847E77843}.Debug|Any CPU.Build.0 = Debug|Any CPU
		{6953520A-4545-4E1C-ADA4-491847E77843}.Release|Any CPU.ActiveCfg = Release|Any CPU
		{6953520A-4545-4E1C-ADA4-491847E77843}.Release|Any CPU.Build.0 = Release|Any CPU
	EndGlobalSection
	GlobalSection(SolutionProperties) = preSolution
		HideSolutionNode = FALSE
	EndGlobalSection
	GlobalSection(ExtensibilityGlobals) = postSolution
		SolutionGuid = {3152C0E9-2822-48A1-8945-816BCEACAB07}
	EndGlobalSection
EndGlobal
